
Microsoft Visual Studio Solution File, Format Version 12.00
# Visual Studio Version 17
VisualStudioVersion = 17.5.33516.290
MinimumVisualStudioVersion = 10.0.40219.1
Project("{FAE04EC0-301F-11D3-BF4B-00C04F79EFBC}") = "ShortLink", "ShortLink\ShortLink.csproj", "{61012175-E16F-4B73-8915-7FA94D7F1EED}"
EndProject
Global
	GlobalSection(SolutionConfigurationPlatforms) = preSolution
		Debug|Any CPU = Debug|Any CPU
		Release|Any CPU = Release|Any CPU
	EndGlobalSection
	GlobalSection(ProjectConfigurationPlatforms) = postSolution
		{61012175-E16F-4B73-8915-7FA94D7F1EED}.Debug|Any CPU.ActiveCfg = Debug|Any CPU
		{61012175-E16F-4B73-8915-7FA94D7F1EED}.Debug|Any CPU.Build.0 = Debug|Any CPU
		{61012175-E16F-4B73-8915-7FA94D7F1EED}.Release|Any CPU.ActiveCfg = Release|Any CPU
		{61012175-E16F-4B73-8915-7FA94D7F1EED}.Release|Any CPU.Build.0 = Release|Any CPU
	EndGlobalSection
	GlobalSection(SolutionProperties) = preSolution
		HideSolutionNode = FALSE
	EndGlobalSection
	GlobalSection(ExtensibilityGlobals) = postSolution
		SolutionGuid = {687732CA-6B0F-4D18-A3D3-D334869A19F7}
	EndGlobalSection
EndGlobal
